
Microsoft Visual Studio Solution File, Format Version 12.00
# Visual Studio 15
VisualStudioVersion = 15.0.28307.271
MinimumVisualStudioVersion = 10.0.40219.1
Project("{FAE04EC0-301F-11D3-BF4B-00C04F79EFBC}") = "VirtualPC", "VirtualPC\VirtualPC.csproj", "{EFBDFEF0-FB34-4A3F-AC5D-E2989A84DB72}"
EndProject
Global
	GlobalSection(SolutionConfigurationPlatforms) = preSolution
		Debug|Any CPU = Debug|Any CPU
		Release|Any CPU = Release|Any CPU
	EndGlobalSection
	GlobalSection(ProjectConfigurationPlatforms) = postSolution
		{EFBDFEF0-FB34-4A3F-AC5D-E2989A84DB72}.Debug|Any CPU.ActiveCfg = Debug|Any CPU
		{EFBDFEF0-FB34-4A3F-AC5D-E2989A84DB72}.Debug|Any CPU.Build.0 = Debug|Any CPU
		{EFBDFEF0-FB34-4A3F-AC5D-E2989A84DB72}.Release|Any CPU.ActiveCfg = Release|Any CPU
		{EFBDFEF0-FB34-4A3F-AC5D-E2989A84DB72}.Release|Any CPU.Build.0 = Release|Any CPU
	EndGlobalSection
	GlobalSection(SolutionProperties) = preSolution
		HideSolutionNode = FALSE
	EndGlobalSection
	GlobalSection(ExtensibilityGlobals) = postSolution
		SolutionGuid = {10582F21-812B-4BF8-AA5B-7000475DAE07}
	EndGlobalSection
EndGlobal
